
Microsoft Visual Studio Solution File, Format Version 12.00
# Visual Studio 15
VisualStudioVersion = 15.0.27004.2009
MinimumVisualStudioVersion = 10.0.40219.1
Project("{FAE04EC0-301F-11D3-BF4B-00C04F79EFBC}") = "Problem8 Raw_Data", "Problem8 Raw_Data\Problem8 Raw_Data.csproj", "{3A33CB27-12A2-4506-ABF6-E20765F9BAAC}"
EndProject
Global
	GlobalSection(SolutionConfigurationPlatforms) = preSolution
		Debug|Any CPU = Debug|Any CPU
		Release|Any CPU = Release|Any CPU
	EndGlobalSection
	GlobalSection(ProjectConfigurationPlatforms) = postSolution
		{3A33CB27-12A2-4506-ABF6-E20765F9BAAC}.Debug|Any CPU.ActiveCfg = Debug|Any CPU
		{3A33CB27-12A2-4506-ABF6-E20765F9BAAC}.Debug|Any CPU.Build.0 = Debug|Any CPU
		{3A33CB27-12A2-4506-ABF6-E20765F9BAAC}.Release|Any CPU.ActiveCfg = Release|Any CPU
		{3A33CB27-12A2-4506-ABF6-E20765F9BAAC}.Release|Any CPU.Build.0 = Release|Any CPU
	EndGlobalSection
	GlobalSection(SolutionProperties) = preSolution
		HideSolutionNode = FALSE
	EndGlobalSection
	GlobalSection(ExtensibilityGlobals) = postSolution
		SolutionGuid = {C922ADC8-5DED-471E-9428-343122DC8377}
	EndGlobalSection
EndGlobal
