
Microsoft Visual Studio Solution File, Format Version 12.00
# Visual Studio 15
VisualStudioVersion = 15.0.27004.2009
MinimumVisualStudioVersion = 10.0.40219.1
Project("{FAE04EC0-301F-11D3-BF4B-00C04F79EFBC}") = "Problem6.Football_Team_Generator", "Problem 6. Football Team Generator\Problem6.Football_Team_Generator.csproj", "{B6BE6A88-8462-4E45-974E-EECF8AA59C6B}"
EndProject
Global
	GlobalSection(SolutionConfigurationPlatforms) = preSolution
		Debug|Any CPU = Debug|Any CPU
		Release|Any CPU = Release|Any CPU
	EndGlobalSection
	GlobalSection(ProjectConfigurationPlatforms) = postSolution
		{B6BE6A88-8462-4E45-974E-EECF8AA59C6B}.Debug|Any CPU.ActiveCfg = Debug|Any CPU
		{B6BE6A88-8462-4E45-974E-EECF8AA59C6B}.Debug|Any CPU.Build.0 = Debug|Any CPU
		{B6BE6A88-8462-4E45-974E-EECF8AA59C6B}.Release|Any CPU.ActiveCfg = Release|Any CPU
		{B6BE6A88-8462-4E45-974E-EECF8AA59C6B}.Release|Any CPU.Build.0 = Release|Any CPU
	EndGlobalSection
	GlobalSection(SolutionProperties) = preSolution
		HideSolutionNode = FALSE
	EndGlobalSection
	GlobalSection(ExtensibilityGlobals) = postSolution
		SolutionGuid = {A2C7623F-FB3D-4CEC-97D2-7632B2E5DA72}
	EndGlobalSection
EndGlobal
