
Microsoft Visual Studio Solution File, Format Version 12.00
# Visual Studio 15
VisualStudioVersion = 15.0.27004.2009
MinimumVisualStudioVersion = 10.0.40219.1
Project("{FAE04EC0-301F-11D3-BF4B-00C04F79EFBC}") = "BanckAcount", "Lab\BanckAcount.csproj", "{7D915F01-F1C0-4A95-B4DD-CC6B43A79CBE}"
EndProject
Global
	GlobalSection(SolutionConfigurationPlatforms) = preSolution
		Debug|Any CPU = Debug|Any CPU
		Release|Any CPU = Release|Any CPU
	EndGlobalSection
	GlobalSection(ProjectConfigurationPlatforms) = postSolution
		{7D915F01-F1C0-4A95-B4DD-CC6B43A79CBE}.Debug|Any CPU.ActiveCfg = Debug|Any CPU
		{7D915F01-F1C0-4A95-B4DD-CC6B43A79CBE}.Debug|Any CPU.Build.0 = Debug|Any CPU
		{7D915F01-F1C0-4A95-B4DD-CC6B43A79CBE}.Release|Any CPU.ActiveCfg = Release|Any CPU
		{7D915F01-F1C0-4A95-B4DD-CC6B43A79CBE}.Release|Any CPU.Build.0 = Release|Any CPU
	EndGlobalSection
	GlobalSection(SolutionProperties) = preSolution
		HideSolutionNode = FALSE
	EndGlobalSection
	GlobalSection(ExtensibilityGlobals) = postSolution
		SolutionGuid = {36298FFC-0C39-47F4-8773-ED806FDE0E3C}
	EndGlobalSection
EndGlobal
