
Microsoft Visual Studio Solution File, Format Version 12.00
# Visual Studio 15
VisualStudioVersion = 15.0.27004.2009
MinimumVisualStudioVersion = 10.0.40219.1
Project("{FAE04EC0-301F-11D3-BF4B-00C04F79EFBC}") = "Problem1.Vehicles", "Problem 1. Vehicles\Problem1.Vehicles.csproj", "{F05F8917-5D82-4DAE-9F7D-B468661A6B08}"
EndProject
Global
	GlobalSection(SolutionConfigurationPlatforms) = preSolution
		Debug|Any CPU = Debug|Any CPU
		Release|Any CPU = Release|Any CPU
	EndGlobalSection
	GlobalSection(ProjectConfigurationPlatforms) = postSolution
		{F05F8917-5D82-4DAE-9F7D-B468661A6B08}.Debug|Any CPU.ActiveCfg = Debug|Any CPU
		{F05F8917-5D82-4DAE-9F7D-B468661A6B08}.Debug|Any CPU.Build.0 = Debug|Any CPU
		{F05F8917-5D82-4DAE-9F7D-B468661A6B08}.Release|Any CPU.ActiveCfg = Release|Any CPU
		{F05F8917-5D82-4DAE-9F7D-B468661A6B08}.Release|Any CPU.Build.0 = Release|Any CPU
	EndGlobalSection
	GlobalSection(SolutionProperties) = preSolution
		HideSolutionNode = FALSE
	EndGlobalSection
	GlobalSection(ExtensibilityGlobals) = postSolution
		SolutionGuid = {3AF6FE41-F4A9-4A2C-A030-76E27F9D8A8D}
	EndGlobalSection
EndGlobal
