
Microsoft Visual Studio Solution File, Format Version 12.00
# Visual Studio 15
VisualStudioVersion = 15.0.27004.2009
MinimumVisualStudioVersion = 10.0.40219.1
Project("{FAE04EC0-301F-11D3-BF4B-00C04F79EFBC}") = "Problem4.PersonClass", "Problem4.PersonClass\Problem4.PersonClass.csproj", "{1345C915-0D59-4AA2-B177-8A48149179CC}"
EndProject
Global
	GlobalSection(SolutionConfigurationPlatforms) = preSolution
		Debug|Any CPU = Debug|Any CPU
		Release|Any CPU = Release|Any CPU
	EndGlobalSection
	GlobalSection(ProjectConfigurationPlatforms) = postSolution
		{1345C915-0D59-4AA2-B177-8A48149179CC}.Debug|Any CPU.ActiveCfg = Debug|Any CPU
		{1345C915-0D59-4AA2-B177-8A48149179CC}.Debug|Any CPU.Build.0 = Debug|Any CPU
		{1345C915-0D59-4AA2-B177-8A48149179CC}.Release|Any CPU.ActiveCfg = Release|Any CPU
		{1345C915-0D59-4AA2-B177-8A48149179CC}.Release|Any CPU.Build.0 = Release|Any CPU
	EndGlobalSection
	GlobalSection(SolutionProperties) = preSolution
		HideSolutionNode = FALSE
	EndGlobalSection
	GlobalSection(ExtensibilityGlobals) = postSolution
		SolutionGuid = {B7A72A8F-E5A3-456A-9371-183AF70901E4}
	EndGlobalSection
EndGlobal
