
Microsoft Visual Studio Solution File, Format Version 12.00
# Visual Studio 15
VisualStudioVersion = 15.0.27004.2009
MinimumVisualStudioVersion = 10.0.40219.1
Project("{FAE04EC0-301F-11D3-BF4B-00C04F79EFBC}") = "Problem_4.Opinion_Poll", "Problem_4.Opinion_Poll\Problem_4.Opinion_Poll.csproj", "{7E45020F-9AA2-4AB5-A71F-FD2356FDDE97}"
EndProject
Global
	GlobalSection(SolutionConfigurationPlatforms) = preSolution
		Debug|Any CPU = Debug|Any CPU
		Release|Any CPU = Release|Any CPU
	EndGlobalSection
	GlobalSection(ProjectConfigurationPlatforms) = postSolution
		{7E45020F-9AA2-4AB5-A71F-FD2356FDDE97}.Debug|Any CPU.ActiveCfg = Debug|Any CPU
		{7E45020F-9AA2-4AB5-A71F-FD2356FDDE97}.Debug|Any CPU.Build.0 = Debug|Any CPU
		{7E45020F-9AA2-4AB5-A71F-FD2356FDDE97}.Release|Any CPU.ActiveCfg = Release|Any CPU
		{7E45020F-9AA2-4AB5-A71F-FD2356FDDE97}.Release|Any CPU.Build.0 = Release|Any CPU
	EndGlobalSection
	GlobalSection(SolutionProperties) = preSolution
		HideSolutionNode = FALSE
	EndGlobalSection
	GlobalSection(ExtensibilityGlobals) = postSolution
		SolutionGuid = {7E0F0861-2B37-4C41-9C6B-EE1E06EED9E9}
	EndGlobalSection
EndGlobal
