
Microsoft Visual Studio Solution File, Format Version 12.00
# Visual Studio 15
VisualStudioVersion = 15.0.27004.2009
MinimumVisualStudioVersion = 10.0.40219.1
Project("{FAE04EC0-301F-11D3-BF4B-00C04F79EFBC}") = "Grand_Prix", "Grand_Prix\Grand_Prix.csproj", "{04202EA0-1D61-4C37-8831-9E389E8775DB}"
EndProject
Global
	GlobalSection(SolutionConfigurationPlatforms) = preSolution
		Debug|Any CPU = Debug|Any CPU
		Release|Any CPU = Release|Any CPU
	EndGlobalSection
	GlobalSection(ProjectConfigurationPlatforms) = postSolution
		{04202EA0-1D61-4C37-8831-9E389E8775DB}.Debug|Any CPU.ActiveCfg = Debug|Any CPU
		{04202EA0-1D61-4C37-8831-9E389E8775DB}.Debug|Any CPU.Build.0 = Debug|Any CPU
		{04202EA0-1D61-4C37-8831-9E389E8775DB}.Release|Any CPU.ActiveCfg = Release|Any CPU
		{04202EA0-1D61-4C37-8831-9E389E8775DB}.Release|Any CPU.Build.0 = Release|Any CPU
	EndGlobalSection
	GlobalSection(SolutionProperties) = preSolution
		HideSolutionNode = FALSE
	EndGlobalSection
	GlobalSection(ExtensibilityGlobals) = postSolution
		SolutionGuid = {86D28039-A87B-418D-B8BB-C606502CFDB2}
	EndGlobalSection
EndGlobal
