
Microsoft Visual Studio Solution File, Format Version 12.00
# Visual Studio 15
VisualStudioVersion = 15.0.27004.2009
MinimumVisualStudioVersion = 10.0.40219.1
Project("{FAE04EC0-301F-11D3-BF4B-00C04F79EFBC}") = "Problem 2. Book Shop", "Problem 2. Book Shop\Problem 2. Book Shop.csproj", "{10AA6285-3264-4634-BAF4-8D968FDFBDB0}"
EndProject
Global
	GlobalSection(SolutionConfigurationPlatforms) = preSolution
		Debug|Any CPU = Debug|Any CPU
		Release|Any CPU = Release|Any CPU
	EndGlobalSection
	GlobalSection(ProjectConfigurationPlatforms) = postSolution
		{10AA6285-3264-4634-BAF4-8D968FDFBDB0}.Debug|Any CPU.ActiveCfg = Debug|Any CPU
		{10AA6285-3264-4634-BAF4-8D968FDFBDB0}.Debug|Any CPU.Build.0 = Debug|Any CPU
		{10AA6285-3264-4634-BAF4-8D968FDFBDB0}.Release|Any CPU.ActiveCfg = Release|Any CPU
		{10AA6285-3264-4634-BAF4-8D968FDFBDB0}.Release|Any CPU.Build.0 = Release|Any CPU
	EndGlobalSection
	GlobalSection(SolutionProperties) = preSolution
		HideSolutionNode = FALSE
	EndGlobalSection
	GlobalSection(ExtensibilityGlobals) = postSolution
		SolutionGuid = {702C17F7-1498-4301-AB25-1F35CB6101A5}
	EndGlobalSection
EndGlobal
