
Microsoft Visual Studio Solution File, Format Version 12.00
# Visual Studio 15
VisualStudioVersion = 15.0.27004.2009
MinimumVisualStudioVersion = 10.0.40219.1
Project("{FAE04EC0-301F-11D3-BF4B-00C04F79EFBC}") = "Problem3.Animal_Farm", "Problem 3. Animal Farm\Problem3.Animal_Farm.csproj", "{4EFD0406-54DF-4A29-BF6B-60F22993AFE8}"
EndProject
Global
	GlobalSection(SolutionConfigurationPlatforms) = preSolution
		Debug|Any CPU = Debug|Any CPU
		Release|Any CPU = Release|Any CPU
	EndGlobalSection
	GlobalSection(ProjectConfigurationPlatforms) = postSolution
		{4EFD0406-54DF-4A29-BF6B-60F22993AFE8}.Debug|Any CPU.ActiveCfg = Debug|Any CPU
		{4EFD0406-54DF-4A29-BF6B-60F22993AFE8}.Debug|Any CPU.Build.0 = Debug|Any CPU
		{4EFD0406-54DF-4A29-BF6B-60F22993AFE8}.Release|Any CPU.ActiveCfg = Release|Any CPU
		{4EFD0406-54DF-4A29-BF6B-60F22993AFE8}.Release|Any CPU.Build.0 = Release|Any CPU
	EndGlobalSection
	GlobalSection(SolutionProperties) = preSolution
		HideSolutionNode = FALSE
	EndGlobalSection
	GlobalSection(ExtensibilityGlobals) = postSolution
		SolutionGuid = {62A97792-0758-413D-BE3D-0E6634A01AC8}
	EndGlobalSection
EndGlobal
